
Microsoft Visual Studio Solution File, Format Version 12.00
# Visual Studio Version 17
VisualStudioVersion = 17.13.35806.99 d17.13
MinimumVisualStudioVersion = 10.0.40219.1
Project("{FAE04EC0-301F-11D3-BF4B-00C04F79EFBC}") = "TP2.1", "TP2.1\TP2.1.csproj", "{8C7793C8-545E-4B82-B6D2-A8D119F5CB4E}"
EndProject
Global
	GlobalSection(SolutionConfigurationPlatforms) = preSolution
		Debug|Any CPU = Debug|Any CPU
		Release|Any CPU = Release|Any CPU
	EndGlobalSection
	GlobalSection(ProjectConfigurationPlatforms) = postSolution
		{8C7793C8-545E-4B82-B6D2-A8D119F5CB4E}.Debug|Any CPU.ActiveCfg = Debug|Any CPU
		{8C7793C8-545E-4B82-B6D2-A8D119F5CB4E}.Debug|Any CPU.Build.0 = Debug|Any CPU
		{8C7793C8-545E-4B82-B6D2-A8D119F5CB4E}.Release|Any CPU.ActiveCfg = Release|Any CPU
		{8C7793C8-545E-4B82-B6D2-A8D119F5CB4E}.Release|Any CPU.Build.0 = Release|Any CPU
	EndGlobalSection
	GlobalSection(SolutionProperties) = preSolution
		HideSolutionNode = FALSE
	EndGlobalSection
	GlobalSection(ExtensibilityGlobals) = postSolution
		SolutionGuid = {DF8B3DB2-384B-4E12-A284-9784F8528F4B}
	EndGlobalSection
EndGlobal
